
Microsoft Visual Studio Solution File, Format Version 12.00
# Visual Studio 15
VisualStudioVersion = 15.0.26124.0
MinimumVisualStudioVersion = 15.0.26124.0
Project("{2150E333-8FDC-42A3-9474-1A3956D46DE8}") = "src", "src", "{087469E7-3F00-4F15-8747-EB38CC28C72B}"
EndProject
Project("{FAE04EC0-301F-11D3-BF4B-00C04F79EFBC}") = "GradeBook", "src\GradeBook\GradeBook.csproj", "{9BD6934D-9C65-487C-AAD7-0D0CB3B912BE}"
EndProject
Project("{2150E333-8FDC-42A3-9474-1A3956D46DE8}") = "test", "test", "{652A5C15-1BD8-4DC9-8804-85D207AEECDE}"
EndProject
Project("{FAE04EC0-301F-11D3-BF4B-00C04F79EFBC}") = "GradeBook.Tests", "test\GradeBook.Tests\GradeBook.Tests.csproj", "{06C5F000-8377-4DAD-8E6B-A37BC3D7B04B}"
EndProject
Global
	GlobalSection(SolutionConfigurationPlatforms) = preSolution
		Debug|Any CPU = Debug|Any CPU
		Debug|x64 = Debug|x64
		Debug|x86 = Debug|x86
		Release|Any CPU = Release|Any CPU
		Release|x64 = Release|x64
		Release|x86 = Release|x86
	EndGlobalSection
	GlobalSection(SolutionProperties) = preSolution
		HideSolutionNode = FALSE
	EndGlobalSection
	GlobalSection(ProjectConfigurationPlatforms) = postSolution
		{9BD6934D-9C65-487C-AAD7-0D0CB3B912BE}.Debug|Any CPU.ActiveCfg = Debug|Any CPU
		{9BD6934D-9C65-487C-AAD7-0D0CB3B912BE}.Debug|Any CPU.Build.0 = Debug|Any CPU
		{9BD6934D-9C65-487C-AAD7-0D0CB3B912BE}.Debug|x64.ActiveCfg = Debug|Any CPU
		{9BD6934D-9C65-487C-AAD7-0D0CB3B912BE}.Debug|x64.Build.0 = Debug|Any CPU
		{9BD6934D-9C65-487C-AAD7-0D0CB3B912BE}.Debug|x86.ActiveCfg = Debug|Any CPU
		{9BD6934D-9C65-487C-AAD7-0D0CB3B912BE}.Debug|x86.Build.0 = Debug|Any CPU
		{9BD6934D-9C65-487C-AAD7-0D0CB3B912BE}.Release|Any CPU.ActiveCfg = Release|Any CPU
		{9BD6934D-9C65-487C-AAD7-0D0CB3B912BE}.Release|Any CPU.Build.0 = Release|Any CPU
		{9BD6934D-9C65-487C-AAD7-0D0CB3B912BE}.Release|x64.ActiveCfg = Release|Any CPU
		{9BD6934D-9C65-487C-AAD7-0D0CB3B912BE}.Release|x64.Build.0 = Release|Any CPU
		{9BD6934D-9C65-487C-AAD7-0D0CB3B912BE}.Release|x86.ActiveCfg = Release|Any CPU
		{9BD6934D-9C65-487C-AAD7-0D0CB3B912BE}.Release|x86.Build.0 = Release|Any CPU
		{06C5F000-8377-4DAD-8E6B-A37BC3D7B04B}.Debug|Any CPU.ActiveCfg = Debug|Any CPU
		{06C5F000-8377-4DAD-8E6B-A37BC3D7B04B}.Debug|Any CPU.Build.0 = Debug|Any CPU
		{06C5F000-8377-4DAD-8E6B-A37BC3D7B04B}.Debug|x64.ActiveCfg = Debug|Any CPU
		{06C5F000-8377-4DAD-8E6B-A37BC3D7B04B}.Debug|x64.Build.0 = Debug|Any CPU
		{06C5F000-8377-4DAD-8E6B-A37BC3D7B04B}.Debug|x86.ActiveCfg = Debug|Any CPU
		{06C5F000-8377-4DAD-8E6B-A37BC3D7B04B}.Debug|x86.Build.0 = Debug|Any CPU
		{06C5F000-8377-4DAD-8E6B-A37BC3D7B04B}.Release|Any CPU.ActiveCfg = Release|Any CPU
		{06C5F000-8377-4DAD-8E6B-A37BC3D7B04B}.Release|Any CPU.Build.0 = Release|Any CPU
		{06C5F000-8377-4DAD-8E6B-A37BC3D7B04B}.Release|x64.ActiveCfg = Release|Any CPU
		{06C5F000-8377-4DAD-8E6B-A37BC3D7B04B}.Release|x64.Build.0 = Release|Any CPU
		{06C5F000-8377-4DAD-8E6B-A37BC3D7B04B}.Release|x86.ActiveCfg = Release|Any CPU
		{06C5F000-8377-4DAD-8E6B-A37BC3D7B04B}.Release|x86.Build.0 = Release|Any CPU
	EndGlobalSection
	GlobalSection(NestedProjects) = preSolution
		{9BD6934D-9C65-487C-AAD7-0D0CB3B912BE} = {087469E7-3F00-4F15-8747-EB38CC28C72B}
		{06C5F000-8377-4DAD-8E6B-A37BC3D7B04B} = {652A5C15-1BD8-4DC9-8804-85D207AEECDE}
	EndGlobalSection
EndGlobal
